
Microsoft Visual Studio Solution File, Format Version 12.00
# Visual Studio Version 17
VisualStudioVersion = 17.14.36603.0
MinimumVisualStudioVersion = 10.0.40219.1
Project("{FAE04EC0-301F-11D3-BF4B-00C04F79EFBC}") = "Teslow-srv.Api", "Teslow-srv.api\Teslow-srv.Api.csproj", "{D27C4CE2-D8A2-493B-819C-A4EC08C909A2}"
EndProject
Project("{FAE04EC0-301F-11D3-BF4B-00C04F79EFBC}") = "Teslow-srv.Service", "Teslow-srv.service\Teslow-srv.Service.csproj", "{8B36BC66-FBC5-4D49-821F-20543E75CF5B}"
EndProject
Project("{FAE04EC0-301F-11D3-BF4B-00C04F79EFBC}") = "Teslow-srv.Domain", "Teslow-srv.domain\Teslow-srv.Domain.csproj", "{A5F86526-E222-4931-A476-D2F935ACE776}"
EndProject
Project("{2150E333-8FDC-42A3-9474-1A3956D46DE8}") = "Éléments de solution", "Éléments de solution", "{9C8CB701-102D-CF49-A3E0-89AC09D42C2C}"
	ProjectSection(SolutionItems) = preProject
		.gitignore = .gitignore
		Dockerfile.api = Dockerfile.api
		Dockerfile.db = Dockerfile.db
	EndProjectSection
EndProject
Project("{FAE04EC0-301F-11D3-BF4B-00C04F79EFBC}") = "Teslow-srv.Infrastructure", "Teslow-srv.Infra\Teslow-srv.Infrastructure.csproj", "{24DD03C6-6E14-47DB-8C17-F429EE0267FA}"
EndProject
Global
	GlobalSection(SolutionConfigurationPlatforms) = preSolution
		Debug|Any CPU = Debug|Any CPU
		Release|Any CPU = Release|Any CPU
	EndGlobalSection
	GlobalSection(ProjectConfigurationPlatforms) = postSolution
		{D27C4CE2-D8A2-493B-819C-A4EC08C909A2}.Debug|Any CPU.ActiveCfg = Debug|Any CPU
		{D27C4CE2-D8A2-493B-819C-A4EC08C909A2}.Debug|Any CPU.Build.0 = Debug|Any CPU
		{D27C4CE2-D8A2-493B-819C-A4EC08C909A2}.Release|Any CPU.ActiveCfg = Release|Any CPU
		{D27C4CE2-D8A2-493B-819C-A4EC08C909A2}.Release|Any CPU.Build.0 = Release|Any CPU
		{8B36BC66-FBC5-4D49-821F-20543E75CF5B}.Debug|Any CPU.ActiveCfg = Debug|Any CPU
		{8B36BC66-FBC5-4D49-821F-20543E75CF5B}.Debug|Any CPU.Build.0 = Debug|Any CPU
		{8B36BC66-FBC5-4D49-821F-20543E75CF5B}.Release|Any CPU.ActiveCfg = Release|Any CPU
		{8B36BC66-FBC5-4D49-821F-20543E75CF5B}.Release|Any CPU.Build.0 = Release|Any CPU
		{A5F86526-E222-4931-A476-D2F935ACE776}.Debug|Any CPU.ActiveCfg = Debug|Any CPU
		{A5F86526-E222-4931-A476-D2F935ACE776}.Debug|Any CPU.Build.0 = Debug|Any CPU
		{A5F86526-E222-4931-A476-D2F935ACE776}.Release|Any CPU.ActiveCfg = Release|Any CPU
		{A5F86526-E222-4931-A476-D2F935ACE776}.Release|Any CPU.Build.0 = Release|Any CPU
		{24DD03C6-6E14-47DB-8C17-F429EE0267FA}.Debug|Any CPU.ActiveCfg = Debug|Any CPU
		{24DD03C6-6E14-47DB-8C17-F429EE0267FA}.Debug|Any CPU.Build.0 = Debug|Any CPU
		{24DD03C6-6E14-47DB-8C17-F429EE0267FA}.Release|Any CPU.ActiveCfg = Release|Any CPU
		{24DD03C6-6E14-47DB-8C17-F429EE0267FA}.Release|Any CPU.Build.0 = Release|Any CPU
	EndGlobalSection
	GlobalSection(SolutionProperties) = preSolution
		HideSolutionNode = FALSE
	EndGlobalSection
	GlobalSection(ExtensibilityGlobals) = postSolution
		SolutionGuid = {4C753BB4-02EF-4E75-8C92-B858E9845D2C}
	EndGlobalSection
EndGlobal
